
Microsoft Visual Studio Solution File, Format Version 12.00
# Visual Studio Version 17
VisualStudioVersion = 17.0.31903.59
MinimumVisualStudioVersion = 10.0.40219.1
Project("{2150E333-8FDC-42A3-9474-1A3956D46DE8}") = "src", "src", "{827E0CD3-B72D-47B6-A68D-7590B98EB39B}"
EndProject
Project("{FAE04EC0-301F-11D3-BF4B-00C04F79EFBC}") = "TikTokProxyHunter.Core", "src\TikTokProxyHunter.Core\TikTokProxyHunter.Core.csproj", "{A09D7A1F-4BA5-4E84-83AA-AF376EAF5F1C}"
EndProject
Project("{FAE04EC0-301F-11D3-BF4B-00C04F79EFBC}") = "TikTokProxyHunter.Infrastructure", "src\TikTokProxyHunter.Infrastructure\TikTokProxyHunter.Infrastructure.csproj", "{260ADF0B-8227-4464-888F-F9F97C6738F3}"
EndProject
Project("{FAE04EC0-301F-11D3-BF4B-00C04F79EFBC}") = "TikTokProxyHunter.App", "src\TikTokProxyHunter.App\TikTokProxyHunter.App.csproj", "{85689CEA-3D8C-4506-A820-DC382BFA0BAF}"
EndProject
Project("{FAE04EC0-301F-11D3-BF4B-00C04F79EFBC}") = "TikTokProxyHunter.Desktop", "src\TikTokProxyHunter.Desktop\TikTokProxyHunter.Desktop.csproj", "{6D48F2C8-0AE7-4D7B-82B2-9388279BAFA5}"
EndProject
Project("{2150E333-8FDC-42A3-9474-1A3956D46DE8}") = "tests", "tests", "{0AB3BF05-4346-4AA6-1389-037BE0695223}"
EndProject
Project("{FAE04EC0-301F-11D3-BF4B-00C04F79EFBC}") = "TikTokProxyHunter.Tests", "tests\TikTokProxyHunter.Tests\TikTokProxyHunter.Tests.csproj", "{ADA24085-192C-4651-A863-D14BC1675FE1}"
EndProject
Project("{2150E333-8FDC-42A3-9474-1A3956D46DE8}") = "tools", "tools", "{B3A9A0EA-5F8C-44D3-A5EC-E7870F920F2A}"
EndProject
Project("{FAE04EC0-301F-11D3-BF4B-00C04F79EFBC}") = "TikTokProxyHunter.Echo", "tools\TikTokProxyHunter.Echo\TikTokProxyHunter.Echo.csproj", "{C8127F3D-457D-4B5A-8E45-C3C63368B242}"
EndProject
Project("{FAE04EC0-301F-11D3-BF4B-00C04F79EFBC}") = "TikTokProxyHunter.Desktop.Tests", "tests\TikTokProxyHunter.Desktop.Tests\TikTokProxyHunter.Desktop.Tests.csproj", "{A5F96322-BB6F-47F7-9EED-FFD5F095AF68}"
EndProject
Global
	GlobalSection(SolutionConfigurationPlatforms) = preSolution
		Debug|Any CPU = Debug|Any CPU
		Debug|x64 = Debug|x64
		Debug|x86 = Debug|x86
		Release|Any CPU = Release|Any CPU
		Release|x64 = Release|x64
		Release|x86 = Release|x86
	EndGlobalSection
	GlobalSection(ProjectConfigurationPlatforms) = postSolution
		{A09D7A1F-4BA5-4E84-83AA-AF376EAF5F1C}.Debug|Any CPU.ActiveCfg = Debug|Any CPU
		{A09D7A1F-4BA5-4E84-83AA-AF376EAF5F1C}.Debug|Any CPU.Build.0 = Debug|Any CPU
		{A09D7A1F-4BA5-4E84-83AA-AF376EAF5F1C}.Debug|x64.ActiveCfg = Debug|Any CPU
		{A09D7A1F-4BA5-4E84-83AA-AF376EAF5F1C}.Debug|x64.Build.0 = Debug|Any CPU
		{A09D7A1F-4BA5-4E84-83AA-AF376EAF5F1C}.Debug|x86.ActiveCfg = Debug|Any CPU
		{A09D7A1F-4BA5-4E84-83AA-AF376EAF5F1C}.Debug|x86.Build.0 = Debug|Any CPU
		{A09D7A1F-4BA5-4E84-83AA-AF376EAF5F1C}.Release|Any CPU.ActiveCfg = Release|Any CPU
		{A09D7A1F-4BA5-4E84-83AA-AF376EAF5F1C}.Release|Any CPU.Build.0 = Release|Any CPU
		{A09D7A1F-4BA5-4E84-83AA-AF376EAF5F1C}.Release|x64.ActiveCfg = Release|Any CPU
		{A09D7A1F-4BA5-4E84-83AA-AF376EAF5F1C}.Release|x64.Build.0 = Release|Any CPU
		{A09D7A1F-4BA5-4E84-83AA-AF376EAF5F1C}.Release|x86.ActiveCfg = Release|Any CPU
		{A09D7A1F-4BA5-4E84-83AA-AF376EAF5F1C}.Release|x86.Build.0 = Release|Any CPU
		{260ADF0B-8227-4464-888F-F9F97C6738F3}.Debug|Any CPU.ActiveCfg = Debug|Any CPU
		{260ADF0B-8227-4464-888F-F9F97C6738F3}.Debug|Any CPU.Build.0 = Debug|Any CPU
		{260ADF0B-8227-4464-888F-F9F97C6738F3}.Debug|x64.ActiveCfg = Debug|Any CPU
		{260ADF0B-8227-4464-888F-F9F97C6738F3}.Debug|x64.Build.0 = Debug|Any CPU
		{260ADF0B-8227-4464-888F-F9F97C6738F3}.Debug|x86.ActiveCfg = Debug|Any CPU
		{260ADF0B-8227-4464-888F-F9F97C6738F3}.Debug|x86.Build.0 = Debug|Any CPU
		{260ADF0B-8227-4464-888F-F9F97C6738F3}.Release|Any CPU.ActiveCfg = Release|Any CPU
		{260ADF0B-8227-4464-888F-F9F97C6738F3}.Release|Any CPU.Build.0 = Release|Any CPU
		{260ADF0B-8227-4464-888F-F9F97C6738F3}.Release|x64.ActiveCfg = Release|Any CPU
		{260ADF0B-8227-4464-888F-F9F97C6738F3}.Release|x64.Build.0 = Release|Any CPU
		{260ADF0B-8227-4464-888F-F9F97C6738F3}.Release|x86.ActiveCfg = Release|Any CPU
		{260ADF0B-8227-4464-888F-F9F97C6738F3}.Release|x86.Build.0 = Release|Any CPU
		{85689CEA-3D8C-4506-A820-DC382BFA0BAF}.Debug|Any CPU.ActiveCfg = Debug|Any CPU
		{85689CEA-3D8C-4506-A820-DC382BFA0BAF}.Debug|Any CPU.Build.0 = Debug|Any CPU
		{85689CEA-3D8C-4506-A820-DC382BFA0BAF}.Debug|x64.ActiveCfg = Debug|Any CPU
		{85689CEA-3D8C-4506-A820-DC382BFA0BAF}.Debug|x64.Build.0 = Debug|Any CPU
		{85689CEA-3D8C-4506-A820-DC382BFA0BAF}.Debug|x86.ActiveCfg = Debug|Any CPU
		{85689CEA-3D8C-4506-A820-DC382BFA0BAF}.Debug|x86.Build.0 = Debug|Any CPU
		{85689CEA-3D8C-4506-A820-DC382BFA0BAF}.Release|Any CPU.ActiveCfg = Release|Any CPU
		{85689CEA-3D8C-4506-A820-DC382BFA0BAF}.Release|Any CPU.Build.0 = Release|Any CPU
		{85689CEA-3D8C-4506-A820-DC382BFA0BAF}.Release|x64.ActiveCfg = Release|Any CPU
		{85689CEA-3D8C-4506-A820-DC382BFA0BAF}.Release|x64.Build.0 = Release|Any CPU
		{85689CEA-3D8C-4506-A820-DC382BFA0BAF}.Release|x86.ActiveCfg = Release|Any CPU
		{85689CEA-3D8C-4506-A820-DC382BFA0BAF}.Release|x86.Build.0 = Release|Any CPU
		{6D48F2C8-0AE7-4D7B-82B2-9388279BAFA5}.Debug|Any CPU.ActiveCfg = Debug|Any CPU
		{6D48F2C8-0AE7-4D7B-82B2-9388279BAFA5}.Debug|Any CPU.Build.0 = Debug|Any CPU
		{6D48F2C8-0AE7-4D7B-82B2-9388279BAFA5}.Debug|x64.ActiveCfg = Debug|x64
		{6D48F2C8-0AE7-4D7B-82B2-9388279BAFA5}.Debug|x64.Build.0 = Debug|x64
		{6D48F2C8-0AE7-4D7B-82B2-9388279BAFA5}.Debug|x86.ActiveCfg = Debug|Any CPU
		{6D48F2C8-0AE7-4D7B-82B2-9388279BAFA5}.Release|Any CPU.ActiveCfg = Release|Any CPU
		{6D48F2C8-0AE7-4D7B-82B2-9388279BAFA5}.Release|Any CPU.Build.0 = Release|Any CPU
		{6D48F2C8-0AE7-4D7B-82B2-9388279BAFA5}.Release|x64.ActiveCfg = Release|x64
		{6D48F2C8-0AE7-4D7B-82B2-9388279BAFA5}.Release|x64.Build.0 = Release|x64
		{6D48F2C8-0AE7-4D7B-82B2-9388279BAFA5}.Release|x86.ActiveCfg = Release|Any CPU
		{ADA24085-192C-4651-A863-D14BC1675FE1}.Debug|Any CPU.ActiveCfg = Debug|Any CPU
		{ADA24085-192C-4651-A863-D14BC1675FE1}.Debug|Any CPU.Build.0 = Debug|Any CPU
		{ADA24085-192C-4651-A863-D14BC1675FE1}.Debug|x64.ActiveCfg = Debug|Any CPU
		{ADA24085-192C-4651-A863-D14BC1675FE1}.Debug|x64.Build.0 = Debug|Any CPU
		{ADA24085-192C-4651-A863-D14BC1675FE1}.Debug|x86.ActiveCfg = Debug|Any CPU
		{ADA24085-192C-4651-A863-D14BC1675FE1}.Debug|x86.Build.0 = Debug|Any CPU
		{ADA24085-192C-4651-A863-D14BC1675FE1}.Release|Any CPU.ActiveCfg = Release|Any CPU
		{ADA24085-192C-4651-A863-D14BC1675FE1}.Release|Any CPU.Build.0 = Release|Any CPU
		{ADA24085-192C-4651-A863-D14BC1675FE1}.Release|x64.ActiveCfg = Release|Any CPU
		{ADA24085-192C-4651-A863-D14BC1675FE1}.Release|x64.Build.0 = Release|Any CPU
		{ADA24085-192C-4651-A863-D14BC1675FE1}.Release|x86.ActiveCfg = Release|Any CPU
		{ADA24085-192C-4651-A863-D14BC1675FE1}.Release|x86.Build.0 = Release|Any CPU
		{C8127F3D-457D-4B5A-8E45-C3C63368B242}.Debug|Any CPU.ActiveCfg = Debug|Any CPU
		{C8127F3D-457D-4B5A-8E45-C3C63368B242}.Debug|Any CPU.Build.0 = Debug|Any CPU
		{C8127F3D-457D-4B5A-8E45-C3C63368B242}.Debug|x64.ActiveCfg = Debug|Any CPU
		{C8127F3D-457D-4B5A-8E45-C3C63368B242}.Debug|x64.Build.0 = Debug|Any CPU
		{C8127F3D-457D-4B5A-8E45-C3C63368B242}.Debug|x86.ActiveCfg = Debug|Any CPU
		{C8127F3D-457D-4B5A-8E45-C3C63368B242}.Debug|x86.Build.0 = Debug|Any CPU
		{C8127F3D-457D-4B5A-8E45-C3C63368B242}.Release|Any CPU.ActiveCfg = Release|Any CPU
		{C8127F3D-457D-4B5A-8E45-C3C63368B242}.Release|Any CPU.Build.0 = Release|Any CPU
		{C8127F3D-457D-4B5A-8E45-C3C63368B242}.Release|x64.ActiveCfg = Release|Any CPU
		{C8127F3D-457D-4B5A-8E45-C3C63368B242}.Release|x64.Build.0 = Release|Any CPU
		{C8127F3D-457D-4B5A-8E45-C3C63368B242}.Release|x86.ActiveCfg = Release|Any CPU
		{C8127F3D-457D-4B5A-8E45-C3C63368B242}.Release|x86.Build.0 = Release|Any CPU
		{A5F96322-BB6F-47F7-9EED-FFD5F095AF68}.Debug|Any CPU.ActiveCfg = Debug|Any CPU
		{A5F96322-BB6F-47F7-9EED-FFD5F095AF68}.Debug|Any CPU.Build.0 = Debug|Any CPU
		{A5F96322-BB6F-47F7-9EED-FFD5F095AF68}.Debug|x64.ActiveCfg = Debug|Any CPU
		{A5F96322-BB6F-47F7-9EED-FFD5F095AF68}.Debug|x64.Build.0 = Debug|Any CPU
		{A5F96322-BB6F-47F7-9EED-FFD5F095AF68}.Debug|x86.ActiveCfg = Debug|Any CPU
		{A5F96322-BB6F-47F7-9EED-FFD5F095AF68}.Debug|x86.Build.0 = Debug|Any CPU
		{A5F96322-BB6F-47F7-9EED-FFD5F095AF68}.Release|Any CPU.ActiveCfg = Release|Any CPU
		{A5F96322-BB6F-47F7-9EED-FFD5F095AF68}.Release|Any CPU.Build.0 = Release|Any CPU
		{A5F96322-BB6F-47F7-9EED-FFD5F095AF68}.Release|x64.ActiveCfg = Release|Any CPU
		{A5F96322-BB6F-47F7-9EED-FFD5F095AF68}.Release|x64.Build.0 = Release|Any CPU
		{A5F96322-BB6F-47F7-9EED-FFD5F095AF68}.Release|x86.ActiveCfg = Release|Any CPU
		{A5F96322-BB6F-47F7-9EED-FFD5F095AF68}.Release|x86.Build.0 = Release|Any CPU
	EndGlobalSection
	GlobalSection(SolutionProperties) = preSolution
		HideSolutionNode = FALSE
	EndGlobalSection
	GlobalSection(NestedProjects) = preSolution
		{A09D7A1F-4BA5-4E84-83AA-AF376EAF5F1C} = {827E0CD3-B72D-47B6-A68D-7590B98EB39B}
		{260ADF0B-8227-4464-888F-F9F97C6738F3} = {827E0CD3-B72D-47B6-A68D-7590B98EB39B}
		{85689CEA-3D8C-4506-A820-DC382BFA0BAF} = {827E0CD3-B72D-47B6-A68D-7590B98EB39B}
		{6D48F2C8-0AE7-4D7B-82B2-9388279BAFA5} = {827E0CD3-B72D-47B6-A68D-7590B98EB39B}
		{ADA24085-192C-4651-A863-D14BC1675FE1} = {0AB3BF05-4346-4AA6-1389-037BE0695223}
		{C8127F3D-457D-4B5A-8E45-C3C63368B242} = {B3A9A0EA-5F8C-44D3-A5EC-E7870F920F2A}
		{A5F96322-BB6F-47F7-9EED-FFD5F095AF68} = {0AB3BF05-4346-4AA6-1389-037BE0695223}
	EndGlobalSection
EndGlobal
